
Microsoft Visual Studio Solution File, Format Version 12.00
# Visual Studio Version 16
VisualStudioVersion = 16.0.31911.196
MinimumVisualStudioVersion = 10.0.40219.1
Project("{9A19103F-16F7-4668-BE54-9A1E7A4F7556}") = "SimpleAppiumProject", "SimpleAppiumProject\SimpleAppiumProject.csproj", "{F76D5A95-EE65-43F7-A239-E1DB4509DE00}"
EndProject
Global
	GlobalSection(SolutionConfigurationPlatforms) = preSolution
		Debug|Any CPU = Debug|Any CPU
		Release|Any CPU = Release|Any CPU
	EndGlobalSection
	GlobalSection(ProjectConfigurationPlatforms) = postSolution
		{F76D5A95-EE65-43F7-A239-E1DB4509DE00}.Debug|Any CPU.ActiveCfg = Debug|Any CPU
		{F76D5A95-EE65-43F7-A239-E1DB4509DE00}.Debug|Any CPU.Build.0 = Debug|Any CPU
		{F76D5A95-EE65-43F7-A239-E1DB4509DE00}.Release|Any CPU.ActiveCfg = Release|Any CPU
		{F76D5A95-EE65-43F7-A239-E1DB4509DE00}.Release|Any CPU.Build.0 = Release|Any CPU
	EndGlobalSection
	GlobalSection(SolutionProperties) = preSolution
		HideSolutionNode = FALSE
	EndGlobalSection
	GlobalSection(ExtensibilityGlobals) = postSolution
		SolutionGuid = {30FB9323-468E-41D7-8D9C-477FE237BF38}
	EndGlobalSection
EndGlobal
